github.com/gofrs/uuid v4.2.0+incompatible h1:yyYWMnhkhrKwwr8gAOcOCYxOOscHgDS9yZgBrnJfGa0=
github.com/gofrs/uuid v4.2.0+incompatible/go.mod h1:b2aQJv3Z4Fp6yNu3cdSllBxTCLRxnplIgP/c0N/04lM=
github.com/kwangsuk/kazaam v3.4.9+incompatible h1:6kNMRHzz/b8z5b5u09c2Pcp+iDsq2fORfewcK0bbgMo=
github.com/kwangsuk/kazaam v3.4.9+incompatible/go.mod h1:kMKQGVuauUGV/3qm0c00kPaXl6jCG196X9JVnNLfK8w=
github.com/pkg/errors v0.9.1 h1:FEBLx1zS214owpjy7qsBeixbURkuhQAwrK5UwLGTwt4=
github.com/pkg/errors v0.9.1/go.mod h1:bwawxfHBFNV+L2hUp1rHADufV3IMtnDRdf1r5NINEl0=
github.com/qntfy/jsonparser v1.0.2 h1:hko+J4L7HSaYoB2yuzinWc9MkO93zWKUmzPHJwB53OM=
github.com/qntfy/jsonparser v1.0.2/go.mod h1:F+LCdwPnFBsubQ+ugnBczIP9RWv5wSCqnUmLHPUx4ZU=
